
Microsoft Visual Studio Solution File, Format Version 12.00
# Visual Studio 14
VisualStudioVersion = 14.0.25420.1
MinimumVisualStudioVersion = 10.0.40219.1
Project("{8BC9CEB8-8B4A-11D0-8D11-00A0C91BC942}") = "Seekers", "Seekers\Seekers.vcxproj", "{78C92734-61F0-429B-B816-23706C1AC5B9}"
EndProject
Project("{8BC9CEB8-8B4A-11D0-8D11-00A0C91BC942}") = "SCIStorage", "SCIStorage\SCIStorage.vcxproj", "{9F6204E5-32B9-4C6A-9F9C-95F29115A428}"
EndProject
Project("{8BC9CEB8-8B4A-11D0-8D11-00A0C91BC942}") = "SCIDetect", "SCIDetect\SCIDetect.vcxproj", "{01185229-B034-43E6-9714-09A1F2AF5E10}"
EndProject
Project("{8BC9CEB8-8B4A-11D0-8D11-00A0C91BC942}") = "SCILabeller", "SCILabeller\SCILabeller.vcxproj", "{9A67BBD1-CAB7-49B0-A380-4C84B4FD3CAB}"
EndProject
Project("{8BC9CEB8-8B4A-11D0-8D11-00A0C91BC942}") = "FindMark", "FindMark\FindMark.vcxproj", "{C54781F4-9F72-4D2D-9BA3-7E529BF78FDA}"
EndProject
Project("{8BC9CEB8-8B4A-11D0-8D11-00A0C91BC942}") = "LightControl", "LightControl\LightControl.vcxproj", "{CC0CAE45-C96B-4C99-B641-5C28D16EFB2E}"
EndProject
Project("{8BC9CEB8-8B4A-11D0-8D11-00A0C91BC942}") = "SCICommunicate", "SCICommunicate\SCICommunicate.vcxproj", "{BA6BE0D2-F091-4ECC-AFFA-C52AF200A0E4}"
EndProject
Project("{8BC9CEB8-8B4A-11D0-8D11-00A0C91BC942}") = "LogView", "LogView\LogView.vcxproj", "{242D283C-6B17-4670-AD73-9FE215824AC8}"
EndProject
Global
	GlobalSection(SolutionConfigurationPlatforms) = preSolution
		Debug|Win32 = Debug|Win32
		Debug|x64 = Debug|x64
		Release|Win32 = Release|Win32
		Release|x64 = Release|x64
	EndGlobalSection
	GlobalSection(ProjectConfigurationPlatforms) = postSolution
		{78C92734-61F0-429B-B816-23706C1AC5B9}.Debug|Win32.ActiveCfg = Debug|Win32
		{78C92734-61F0-429B-B816-23706C1AC5B9}.Debug|Win32.Build.0 = Debug|Win32
		{78C92734-61F0-429B-B816-23706C1AC5B9}.Debug|x64.ActiveCfg = Debug|x64
		{78C92734-61F0-429B-B816-23706C1AC5B9}.Debug|x64.Build.0 = Debug|x64
		{78C92734-61F0-429B-B816-23706C1AC5B9}.Release|Win32.ActiveCfg = Release|Win32
		{78C92734-61F0-429B-B816-23706C1AC5B9}.Release|Win32.Build.0 = Release|Win32
		{78C92734-61F0-429B-B816-23706C1AC5B9}.Release|x64.ActiveCfg = Release|x64
		{78C92734-61F0-429B-B816-23706C1AC5B9}.Release|x64.Build.0 = Release|x64
		{9F6204E5-32B9-4C6A-9F9C-95F29115A428}.Debug|Win32.ActiveCfg = Debug|Win32
		{9F6204E5-32B9-4C6A-9F9C-95F29115A428}.Debug|Win32.Build.0 = Debug|Win32
		{9F6204E5-32B9-4C6A-9F9C-95F29115A428}.Debug|x64.ActiveCfg = Debug|x64
		{9F6204E5-32B9-4C6A-9F9C-95F29115A428}.Debug|x64.Build.0 = Debug|x64
		{9F6204E5-32B9-4C6A-9F9C-95F29115A428}.Release|Win32.ActiveCfg = Release|Win32
		{9F6204E5-32B9-4C6A-9F9C-95F29115A428}.Release|Win32.Build.0 = Release|Win32
		{9F6204E5-32B9-4C6A-9F9C-95F29115A428}.Release|x64.ActiveCfg = Release|x64
		{9F6204E5-32B9-4C6A-9F9C-95F29115A428}.Release|x64.Build.0 = Release|x64
		{01185229-B034-43E6-9714-09A1F2AF5E10}.Debug|Win32.ActiveCfg = Debug|Win32
		{01185229-B034-43E6-9714-09A1F2AF5E10}.Debug|Win32.Build.0 = Debug|Win32
		{01185229-B034-43E6-9714-09A1F2AF5E10}.Debug|x64.ActiveCfg = Debug|x64
		{01185229-B034-43E6-9714-09A1F2AF5E10}.Debug|x64.Build.0 = Debug|x64
		{01185229-B034-43E6-9714-09A1F2AF5E10}.Release|Win32.ActiveCfg = Release|Win32
		{01185229-B034-43E6-9714-09A1F2AF5E10}.Release|Win32.Build.0 = Release|Win32
		{01185229-B034-43E6-9714-09A1F2AF5E10}.Release|x64.ActiveCfg = Release|x64
		{01185229-B034-43E6-9714-09A1F2AF5E10}.Release|x64.Build.0 = Release|x64
		{9A67BBD1-CAB7-49B0-A380-4C84B4FD3CAB}.Debug|Win32.ActiveCfg = Debug|Win32
		{9A67BBD1-CAB7-49B0-A380-4C84B4FD3CAB}.Debug|Win32.Build.0 = Debug|Win32
		{9A67BBD1-CAB7-49B0-A380-4C84B4FD3CAB}.Debug|x64.ActiveCfg = Debug|x64
		{9A67BBD1-CAB7-49B0-A380-4C84B4FD3CAB}.Debug|x64.Build.0 = Debug|x64
		{9A67BBD1-CAB7-49B0-A380-4C84B4FD3CAB}.Release|Win32.ActiveCfg = Release|Win32
		{9A67BBD1-CAB7-49B0-A380-4C84B4FD3CAB}.Release|Win32.Build.0 = Release|Win32
		{9A67BBD1-CAB7-49B0-A380-4C84B4FD3CAB}.Release|x64.ActiveCfg = Release|x64
		{9A67BBD1-CAB7-49B0-A380-4C84B4FD3CAB}.Release|x64.Build.0 = Release|x64
		{C54781F4-9F72-4D2D-9BA3-7E529BF78FDA}.Debug|Win32.ActiveCfg = Debug|Win32
		{C54781F4-9F72-4D2D-9BA3-7E529BF78FDA}.Debug|Win32.Build.0 = Debug|Win32
		{C54781F4-9F72-4D2D-9BA3-7E529BF78FDA}.Debug|x64.ActiveCfg = Debug|x64
		{C54781F4-9F72-4D2D-9BA3-7E529BF78FDA}.Debug|x64.Build.0 = Debug|x64
		{C54781F4-9F72-4D2D-9BA3-7E529BF78FDA}.Release|Win32.ActiveCfg = Release|Win32
		{C54781F4-9F72-4D2D-9BA3-7E529BF78FDA}.Release|Win32.Build.0 = Release|Win32
		{C54781F4-9F72-4D2D-9BA3-7E529BF78FDA}.Release|x64.ActiveCfg = Release|x64
		{C54781F4-9F72-4D2D-9BA3-7E529BF78FDA}.Release|x64.Build.0 = Release|x64
		{CC0CAE45-C96B-4C99-B641-5C28D16EFB2E}.Debug|Win32.ActiveCfg = Debug|Win32
		{CC0CAE45-C96B-4C99-B641-5C28D16EFB2E}.Debug|Win32.Build.0 = Debug|Win32
		{CC0CAE45-C96B-4C99-B641-5C28D16EFB2E}.Debug|x64.ActiveCfg = Debug|x64
		{CC0CAE45-C96B-4C99-B641-5C28D16EFB2E}.Debug|x64.Build.0 = Debug|x64
		{CC0CAE45-C96B-4C99-B641-5C28D16EFB2E}.Release|Win32.ActiveCfg = Release|Win32
		{CC0CAE45-C96B-4C99-B641-5C28D16EFB2E}.Release|Win32.Build.0 = Release|Win32
		{CC0CAE45-C96B-4C99-B641-5C28D16EFB2E}.Release|x64.ActiveCfg = Release|x64
		{CC0CAE45-C96B-4C99-B641-5C28D16EFB2E}.Release|x64.Build.0 = Release|x64
		{BA6BE0D2-F091-4ECC-AFFA-C52AF200A0E4}.Debug|Win32.ActiveCfg = Debug|Win32
		{BA6BE0D2-F091-4ECC-AFFA-C52AF200A0E4}.Debug|Win32.Build.0 = Debug|Win32
		{BA6BE0D2-F091-4ECC-AFFA-C52AF200A0E4}.Debug|x64.ActiveCfg = Debug|x64
		{BA6BE0D2-F091-4ECC-AFFA-C52AF200A0E4}.Debug|x64.Build.0 = Debug|x64
		{BA6BE0D2-F091-4ECC-AFFA-C52AF200A0E4}.Release|Win32.ActiveCfg = Release|Win32
		{BA6BE0D2-F091-4ECC-AFFA-C52AF200A0E4}.Release|Win32.Build.0 = Release|Win32
		{BA6BE0D2-F091-4ECC-AFFA-C52AF200A0E4}.Release|x64.ActiveCfg = Release|x64
		{BA6BE0D2-F091-4ECC-AFFA-C52AF200A0E4}.Release|x64.Build.0 = Release|x64
		{242D283C-6B17-4670-AD73-9FE215824AC8}.Debug|Win32.ActiveCfg = Debug|Win32
		{242D283C-6B17-4670-AD73-9FE215824AC8}.Debug|Win32.Build.0 = Debug|Win32
		{242D283C-6B17-4670-AD73-9FE215824AC8}.Debug|x64.ActiveCfg = Debug|x64
		{242D283C-6B17-4670-AD73-9FE215824AC8}.Debug|x64.Build.0 = Debug|x64
		{242D283C-6B17-4670-AD73-9FE215824AC8}.Release|Win32.ActiveCfg = Release|Win32
		{242D283C-6B17-4670-AD73-9FE215824AC8}.Release|Win32.Build.0 = Release|Win32
		{242D283C-6B17-4670-AD73-9FE215824AC8}.Release|x64.ActiveCfg = Release|x64
		{242D283C-6B17-4670-AD73-9FE215824AC8}.Release|x64.Build.0 = Release|x64
	EndGlobalSection
	GlobalSection(SolutionProperties) = preSolution
		HideSolutionNode = FALSE
	EndGlobalSection
	GlobalSection(ExtensibilityGlobals) = postSolution
		SolutionGuid = {023C10D2-7EAC-4663-85A2-BC1DA4ECE929}
	EndGlobalSection
EndGlobal
