<?xml version="1.0" encoding="utf-8"?>
<Project ToolsVersion="4.0" xmlns="http://schemas.microsoft.com/developer/msbuild/2003">
  <ItemGroup>
    <Filter Include="源文件">
      <UniqueIdentifier>{4FC737F1-C7A5-4376-A066-2A32D752A2FF}</UniqueIdentifier>
      <Extensions>cpp;c;cc;cxx;def;odl;idl;hpj;bat;asm;asmx</Extensions>
    </Filter>
    <Filter Include="头文件">
      <UniqueIdentifier>{93995380-89BD-4b04-88EB-625FBE52EBFB}</UniqueIdentifier>
      <Extensions>h;hpp;hxx;hm;inl;inc;xsd</Extensions>
    </Filter>
    <Filter Include="资源文件">
      <UniqueIdentifier>{67DA6AB6-F800-4c08-8B7A-83BB121AAD01}</UniqueIdentifier>
      <Extensions>rc;ico;cur;bmp;dlg;rc2;rct;bin;rgs;gif;jpg;jpeg;jpe;resx;tiff;tif;png;wav;mfcribbon-ms</Extensions>
    </Filter>
  </ItemGroup>
  <ItemGroup>
    <None Include="ReadMe.txt" />
    <None Include="res\Seekers.rc2">
      <Filter>资源文件</Filter>
    </None>
    <None Include="res\Seekers.ico">
      <Filter>资源文件</Filter>
    </None>
    <None Include="res\Ready.ico">
      <Filter>资源文件</Filter>
    </None>
    <None Include="res\key.ico">
      <Filter>资源文件</Filter>
    </None>
    <None Include="res\leave.ico">
      <Filter>资源文件</Filter>
    </None>
    <None Include="res\lock.ico">
      <Filter>资源文件</Filter>
    </None>
    <None Include="res\refresh.ico">
      <Filter>资源文件</Filter>
    </None>
    <None Include="res\pause.ico">
      <Filter>资源文件</Filter>
    </None>
    <None Include="res\play.ico">
      <Filter>资源文件</Filter>
    </None>
    <None Include="res\image.ico">
      <Filter>资源文件</Filter>
    </None>
    <None Include="res\layer.ico">
      <Filter>资源文件</Filter>
    </None>
    <None Include="res\w_map.ico">
      <Filter>资源文件</Filter>
    </None>
    <None Include="res\left.ico">
      <Filter>资源文件</Filter>
    </None>
    <None Include="res\right.ico">
      <Filter>资源文件</Filter>
    </None>
    <None Include="res\w_123.ico">
      <Filter>资源文件</Filter>
    </None>
    <None Include="res\w_clear.ico">
      <Filter>资源文件</Filter>
    </None>
    <None Include="res\w_list.ico">
      <Filter>资源文件</Filter>
    </None>
    <None Include="res\w_paper.ico">
      <Filter>资源文件</Filter>
    </None>
    <None Include="res\s-white.ico">
      <Filter>资源文件</Filter>
    </None>
    <None Include="res\w_check.ico">
      <Filter>资源文件</Filter>
    </None>
    <None Include="res\w_uncheck.ico">
      <Filter>资源文件</Filter>
    </None>
    <None Include="res\w_set.ico">
      <Filter>资源文件</Filter>
    </None>
    <None Include="res\w_live.ico">
      <Filter>资源文件</Filter>
    </None>
    <None Include="res\w_detect.ico">
      <Filter>资源文件</Filter>
    </None>
    <None Include="res\w_save.ico">
      <Filter>资源文件</Filter>
    </None>
    <None Include="res\w_select.ico">
      <Filter>资源文件</Filter>
    </None>
    <None Include="res\b_database.ico">
      <Filter>资源文件</Filter>
    </None>
    <None Include="res\b_flag1.ico">
      <Filter>资源文件</Filter>
    </None>
    <None Include="res\b_flag2.ico">
      <Filter>资源文件</Filter>
    </None>
    <None Include="res\b_folder.ico">
      <Filter>资源文件</Filter>
    </None>
    <None Include="res\logo.bmp">
      <Filter>资源文件</Filter>
    </None>
    <None Include="res\green_light.ico">
      <Filter>资源文件</Filter>
    </None>
    <None Include="res\red_light.ico">
      <Filter>资源文件</Filter>
    </None>
    <None Include="res\gray_light.ico">
      <Filter>资源文件</Filter>
    </None>
    <None Include="ClassDiagram1.cd" />
    <None Include="res\set.ico">
      <Filter>资源文件</Filter>
    </None>
    <None Include="res\fileadd.ico">
      <Filter>资源文件</Filter>
    </None>
    <None Include="res\icon4.ico">
      <Filter>资源文件</Filter>
    </None>
    <None Include="res\line.ico">
      <Filter>资源文件</Filter>
    </None>
    <None Include="ClassDiagram2.cd" />
    <None Include="..\SCIStorage\SCIStorage.vcxproj.filters" />
    <None Include="res\DrawModel.ico">
      <Filter>资源文件</Filter>
    </None>
    <None Include="ClassDiagram3.cd" />
    <None Include="ClassDiagram4.cd" />
    <None Include="res\ZoomIn.cur">
      <Filter>资源文件</Filter>
    </None>
    <None Include="res\ZoomOut.cur">
      <Filter>资源文件</Filter>
    </None>
  </ItemGroup>
  <ItemGroup>
    <ClInclude Include="Seekers.h">
      <Filter>头文件</Filter>
    </ClInclude>
    <ClInclude Include="SeekersDlg.h">
      <Filter>头文件</Filter>
    </ClInclude>
    <ClInclude Include="stdafx.h">
      <Filter>头文件</Filter>
    </ClInclude>
    <ClInclude Include="targetver.h">
      <Filter>头文件</Filter>
    </ClInclude>
    <ClInclude Include="Resource.h">
      <Filter>头文件</Filter>
    </ClInclude>
    <ClInclude Include="ThreadOperations.h">
      <Filter>头文件</Filter>
    </ClInclude>
    <ClInclude Include="SubDlgSize.h">
      <Filter>头文件</Filter>
    </ClInclude>
    <ClInclude Include="DlgSwitchBatch.h">
      <Filter>头文件</Filter>
    </ClInclude>
    <ClInclude Include="DlgProductManager.h">
      <Filter>头文件</Filter>
    </ClInclude>
    <ClInclude Include="DlgNewProductName.h">
      <Filter>头文件</Filter>
    </ClInclude>
    <ClInclude Include="ADOConnect.h">
      <Filter>头文件</Filter>
    </ClInclude>
    <ClInclude Include="DlgLogin.h">
      <Filter>头文件</Filter>
    </ClInclude>
    <ClInclude Include="DlgRegister.h">
      <Filter>头文件</Filter>
    </ClInclude>
    <ClInclude Include="GlobalVariables.h">
      <Filter>头文件</Filter>
    </ClInclude>
    <ClInclude Include="SubDlgCount.h">
      <Filter>头文件</Filter>
    </ClInclude>
    <ClInclude Include="SubDlgControl.h">
      <Filter>头文件</Filter>
    </ClInclude>
    <ClInclude Include="DlgHelp.h">
      <Filter>头文件</Filter>
    </ClInclude>
    <ClInclude Include="DlgInput.h">
      <Filter>头文件</Filter>
    </ClInclude>
    <ClInclude Include="DlgDatabaseHistory.h">
      <Filter>头文件</Filter>
    </ClInclude>
    <ClInclude Include="CWorksheet.h">
      <Filter>头文件</Filter>
    </ClInclude>
    <ClInclude Include="CWorkbook.h">
      <Filter>头文件</Filter>
    </ClInclude>
    <ClInclude Include="CApplication.h">
      <Filter>头文件</Filter>
    </ClInclude>
    <ClInclude Include="CRange.h">
      <Filter>头文件</Filter>
    </ClInclude>
    <ClInclude Include="CShapes.h">
      <Filter>头文件</Filter>
    </ClInclude>
    <ClInclude Include="CWorksheets.h">
      <Filter>头文件</Filter>
    </ClInclude>
    <ClInclude Include="CWorkbooks.h">
      <Filter>头文件</Filter>
    </ClInclude>
    <ClInclude Include="DlgStartUp.h">
      <Filter>头文件</Filter>
    </ClInclude>
    <ClInclude Include="DlgHistory.h">
      <Filter>头文件</Filter>
    </ClInclude>
    <ClInclude Include="DlgProductParam.h">
      <Filter>头文件</Filter>
    </ClInclude>
    <ClInclude Include="DlgSystemSet.h">
      <Filter>头文件</Filter>
    </ClInclude>
    <ClInclude Include="Judge.h">
      <Filter>头文件</Filter>
    </ClInclude>
    <ClInclude Include="DlgStandardSetting.h">
      <Filter>头文件</Filter>
    </ClInclude>
    <ClInclude Include="DlgFinalOutResult.h">
      <Filter>头文件</Filter>
    </ClInclude>
    <ClInclude Include="FastMemcpy.h">
      <Filter>头文件</Filter>
    </ClInclude>
    <ClInclude Include="OScopeCtrl.h">
      <Filter>头文件</Filter>
    </ClInclude>
    <ClInclude Include="DlgTcpConnect.h">
      <Filter>头文件</Filter>
    </ClInclude>
    <ClInclude Include="Include\Define.h">
      <Filter>头文件</Filter>
    </ClInclude>
    <ClInclude Include="Upload.h">
      <Filter>头文件</Filter>
    </ClInclude>
    <ClInclude Include="FinsTCPExt.h">
      <Filter>头文件</Filter>
    </ClInclude>
    <ClInclude Include="PowerLimit.h">
      <Filter>头文件</Filter>
    </ClInclude>
    <ClInclude Include="DlgLineChart.h">
      <Filter>头文件</Filter>
    </ClInclude>
    <ClInclude Include="DlgCalibResolution.h">
      <Filter>头文件</Filter>
    </ClInclude>
    <ClInclude Include="DlgCreateBaseLine.h">
      <Filter>头文件</Filter>
    </ClInclude>
    <ClInclude Include="XmvImageWnd.h">
      <Filter>头文件</Filter>
    </ClInclude>
    <ClInclude Include="InkjetProcess.h">
      <Filter>头文件</Filter>
    </ClInclude>
    <ClInclude Include="SpotSizeCheck.h">
      <Filter>头文件</Filter>
    </ClInclude>
    <ClInclude Include="PageBaseLine.h">
      <Filter>头文件</Filter>
    </ClInclude>
    <ClInclude Include="PageGRRSet.h">
      <Filter>头文件</Filter>
    </ClInclude>
    <ClInclude Include="PageSpotDetectSet.h">
      <Filter>头文件</Filter>
    </ClInclude>
    <ClInclude Include="DlgPopError.h">
      <Filter>头文件</Filter>
    </ClInclude>
    <ClInclude Include="AutoGRR.h">
      <Filter>头文件</Filter>
    </ClInclude>
    <ClInclude Include="DlgShowSizeResult.h">
      <Filter>头文件</Filter>
    </ClInclude>
    <ClInclude Include="DlgTabSizeSet.h">
      <Filter>头文件</Filter>
    </ClInclude>
    <ClInclude Include="DlgStandardSurfaceSetting.h">
      <Filter>头文件</Filter>
    </ClInclude>
    <ClInclude Include="DlgScatterPlot.h">
      <Filter>头文件</Filter>
    </ClInclude>
    <ClInclude Include="Include\ChartCtrl\ChartAxis.h">
      <Filter>头文件</Filter>
    </ClInclude>
    <ClInclude Include="Include\ChartCtrl\ChartAxisLabel.h">
      <Filter>头文件</Filter>
    </ClInclude>
    <ClInclude Include="Include\ChartCtrl\ChartBalloonLabel.h">
      <Filter>头文件</Filter>
    </ClInclude>
    <ClInclude Include="Include\ChartCtrl\ChartBarSerie.h">
      <Filter>头文件</Filter>
    </ClInclude>
    <ClInclude Include="Include\ChartCtrl\ChartCandlestickSerie.h">
      <Filter>头文件</Filter>
    </ClInclude>
    <ClInclude Include="Include\ChartCtrl\ChartCrossHairCursor.h">
      <Filter>头文件</Filter>
    </ClInclude>
    <ClInclude Include="Include\ChartCtrl\ChartCtrl.h">
      <Filter>头文件</Filter>
    </ClInclude>
    <ClInclude Include="Include\ChartCtrl\ChartCursor.h">
      <Filter>头文件</Filter>
    </ClInclude>
    <ClInclude Include="Include\ChartCtrl\ChartDateTimeAxis.h">
      <Filter>头文件</Filter>
    </ClInclude>
    <ClInclude Include="Include\ChartCtrl\ChartDragLineCursor.h">
      <Filter>头文件</Filter>
    </ClInclude>
    <ClInclude Include="Include\ChartCtrl\ChartFont.h">
      <Filter>头文件</Filter>
    </ClInclude>
    <ClInclude Include="Include\ChartCtrl\ChartGanttSerie.h">
      <Filter>头文件</Filter>
    </ClInclude>
    <ClInclude Include="Include\ChartCtrl\ChartGradient.h">
      <Filter>头文件</Filter>
    </ClInclude>
    <ClInclude Include="Include\ChartCtrl\ChartGrid.h">
      <Filter>头文件</Filter>
    </ClInclude>
    <ClInclude Include="Include\ChartCtrl\ChartLabel.h">
      <Filter>头文件</Filter>
    </ClInclude>
    <ClInclude Include="Include\ChartCtrl\ChartLegend.h">
      <Filter>头文件</Filter>
    </ClInclude>
    <ClInclude Include="Include\ChartCtrl\ChartLineSerie.h">
      <Filter>头文件</Filter>
    </ClInclude>
    <ClInclude Include="Include\ChartCtrl\ChartLogarithmicAxis.h">
      <Filter>头文件</Filter>
    </ClInclude>
    <ClInclude Include="Include\ChartCtrl\ChartMouseListener.h">
      <Filter>头文件</Filter>
    </ClInclude>
    <ClInclude Include="Include\ChartCtrl\ChartPointsArray.h">
      <Filter>头文件</Filter>
    </ClInclude>
    <ClInclude Include="Include\ChartCtrl\ChartPointsSerie.h">
      <Filter>头文件</Filter>
    </ClInclude>
    <ClInclude Include="Include\ChartCtrl\ChartScrollBar.h">
      <Filter>头文件</Filter>
    </ClInclude>
    <ClInclude Include="Include\ChartCtrl\ChartSerie.h">
      <Filter>头文件</Filter>
    </ClInclude>
    <ClInclude Include="Include\ChartCtrl\ChartSerieBase.h">
      <Filter>头文件</Filter>
    </ClInclude>
    <ClInclude Include="Include\ChartCtrl\ChartSeriesMouseListener.h">
      <Filter>头文件</Filter>
    </ClInclude>
    <ClInclude Include="Include\ChartCtrl\ChartStandardAxis.h">
      <Filter>头文件</Filter>
    </ClInclude>
    <ClInclude Include="Include\ChartCtrl\ChartString.h">
      <Filter>头文件</Filter>
    </ClInclude>
    <ClInclude Include="Include\ChartCtrl\ChartSurfaceSerie.h">
      <Filter>头文件</Filter>
    </ClInclude>
    <ClInclude Include="Include\ChartCtrl\ChartTitle.h">
      <Filter>头文件</Filter>
    </ClInclude>
    <ClInclude Include="Include\ChartCtrl\ChartXYSerie.h">
      <Filter>头文件</Filter>
    </ClInclude>
    <ClInclude Include="Include\ChartCtrl\PointsOrdering.h">
      <Filter>头文件</Filter>
    </ClInclude>
    <ClInclude Include="Include\ColourPicker\ColourPopup.h">
      <Filter>头文件</Filter>
    </ClInclude>
    <ClInclude Include="DlgDailyButton.h">
      <Filter>头文件</Filter>
    </ClInclude>
  </ItemGroup>
  <ItemGroup>
    <ClCompile Include="Seekers.cpp">
      <Filter>源文件</Filter>
    </ClCompile>
    <ClCompile Include="SeekersDlg.cpp">
      <Filter>源文件</Filter>
    </ClCompile>
    <ClCompile Include="stdafx.cpp">
      <Filter>源文件</Filter>
    </ClCompile>
    <ClCompile Include="ThreadOperations.cpp">
      <Filter>源文件</Filter>
    </ClCompile>
    <ClCompile Include="GlobalVariables.cpp">
      <Filter>源文件</Filter>
    </ClCompile>
    <ClCompile Include="SubDlgSize.cpp">
      <Filter>源文件</Filter>
    </ClCompile>
    <ClCompile Include="DlgSwitchBatch.cpp">
      <Filter>源文件</Filter>
    </ClCompile>
    <ClCompile Include="DlgProductManager.cpp">
      <Filter>源文件</Filter>
    </ClCompile>
    <ClCompile Include="DlgNewProductName.cpp">
      <Filter>源文件</Filter>
    </ClCompile>
    <ClCompile Include="ADOConnect.cpp">
      <Filter>源文件</Filter>
    </ClCompile>
    <ClCompile Include="DlgLogin.cpp">
      <Filter>源文件</Filter>
    </ClCompile>
    <ClCompile Include="DlgRegister.cpp">
      <Filter>源文件</Filter>
    </ClCompile>
    <ClCompile Include="SubDlgCount.cpp">
      <Filter>源文件</Filter>
    </ClCompile>
    <ClCompile Include="SubDlgControl.cpp">
      <Filter>源文件</Filter>
    </ClCompile>
    <ClCompile Include="DlgHelp.cpp">
      <Filter>源文件</Filter>
    </ClCompile>
    <ClCompile Include="DlgInput.cpp">
      <Filter>源文件</Filter>
    </ClCompile>
    <ClCompile Include="DlgDatabaseHistory.cpp">
      <Filter>源文件</Filter>
    </ClCompile>
    <ClCompile Include="DlgStartUp.cpp">
      <Filter>源文件</Filter>
    </ClCompile>
    <ClCompile Include="DlgHistory.cpp">
      <Filter>源文件</Filter>
    </ClCompile>
    <ClCompile Include="DlgProductParam.cpp">
      <Filter>源文件</Filter>
    </ClCompile>
    <ClCompile Include="DlgSystemSet.cpp">
      <Filter>源文件</Filter>
    </ClCompile>
    <ClCompile Include="..\COMInclude\DH_HalconEx.cpp">
      <Filter>源文件</Filter>
    </ClCompile>
    <ClCompile Include="Judge.cpp">
      <Filter>源文件</Filter>
    </ClCompile>
    <ClCompile Include="DlgStandardSetting.cpp">
      <Filter>源文件</Filter>
    </ClCompile>
    <ClCompile Include="DlgFinalOutResult.cpp">
      <Filter>源文件</Filter>
    </ClCompile>
    <ClCompile Include="FastMemcpy.c">
      <Filter>源文件</Filter>
    </ClCompile>
    <ClCompile Include="OScopeCtrl.cpp">
      <Filter>源文件</Filter>
    </ClCompile>
    <ClCompile Include="DlgTcpConnect.cpp">
      <Filter>源文件</Filter>
    </ClCompile>
    <ClCompile Include="Upload.cpp">
      <Filter>源文件</Filter>
    </ClCompile>
    <ClCompile Include="FinsTCPExt.cpp">
      <Filter>源文件</Filter>
    </ClCompile>
    <ClCompile Include="PowerLimit.cpp">
      <Filter>源文件</Filter>
    </ClCompile>
    <ClCompile Include="DlgCalibResolution.cpp">
      <Filter>源文件</Filter>
    </ClCompile>
    <ClCompile Include="DlgCreateBaseLine.cpp">
      <Filter>源文件</Filter>
    </ClCompile>
    <ClCompile Include="XmvImageWnd.cpp">
      <Filter>源文件</Filter>
    </ClCompile>
    <ClCompile Include="InkjetProcess.cpp">
      <Filter>源文件</Filter>
    </ClCompile>
    <ClCompile Include="SpotSizeCheck.cpp">
      <Filter>源文件</Filter>
    </ClCompile>
    <ClCompile Include="PageBaseLine.cpp">
      <Filter>源文件</Filter>
    </ClCompile>
    <ClCompile Include="PageGRRSet.cpp">
      <Filter>源文件</Filter>
    </ClCompile>
    <ClCompile Include="PageSpotDetectSet.cpp">
      <Filter>源文件</Filter>
    </ClCompile>
    <ClCompile Include="DlgPopError.cpp">
      <Filter>源文件</Filter>
    </ClCompile>
    <ClCompile Include="AutoGRR.cpp">
      <Filter>源文件</Filter>
    </ClCompile>
    <ClCompile Include="DlgTabSizeSet.cpp">
      <Filter>源文件</Filter>
    </ClCompile>
    <ClCompile Include="DlgStandardSurfaceSetting.cpp">
      <Filter>源文件</Filter>
    </ClCompile>
    <ClCompile Include="DlgScatterPlot.cpp">
      <Filter>源文件</Filter>
    </ClCompile>
    <ClCompile Include="Include\ChartCtrl\ChartCtrl.cpp">
      <Filter>源文件</Filter>
    </ClCompile>
    <ClCompile Include="Include\ColourPicker\ColourPicker.cpp">
      <Filter>源文件</Filter>
    </ClCompile>
    <ClCompile Include="Include\ChartCtrl\ChartLineSerie.cpp">
      <Filter>源文件</Filter>
    </ClCompile>
    <ClCompile Include="Include\ChartCtrl\ChartPointsSerie.cpp">
      <Filter>源文件</Filter>
    </ClCompile>
    <ClCompile Include="Include\ChartCtrl\ChartAxis.cpp">
      <Filter>源文件</Filter>
    </ClCompile>
    <ClCompile Include="Include\ChartCtrl\ChartAxisLabel.cpp">
      <Filter>源文件</Filter>
    </ClCompile>
    <ClCompile Include="Include\ChartCtrl\ChartBarSerie.cpp">
      <Filter>源文件</Filter>
    </ClCompile>
    <ClCompile Include="Include\ChartCtrl\ChartCandlestickSerie.cpp">
      <Filter>源文件</Filter>
    </ClCompile>
    <ClCompile Include="Include\ChartCtrl\ChartCrossHairCursor.cpp">
      <Filter>源文件</Filter>
    </ClCompile>
    <ClCompile Include="Include\ChartCtrl\ChartCursor.cpp">
      <Filter>源文件</Filter>
    </ClCompile>
    <ClCompile Include="Include\ChartCtrl\ChartDateTimeAxis.cpp">
      <Filter>源文件</Filter>
    </ClCompile>
    <ClCompile Include="Include\ChartCtrl\ChartDragLineCursor.cpp">
      <Filter>源文件</Filter>
    </ClCompile>
    <ClCompile Include="Include\ChartCtrl\ChartFont.cpp">
      <Filter>源文件</Filter>
    </ClCompile>
    <ClCompile Include="Include\ChartCtrl\ChartGanttSerie.cpp">
      <Filter>源文件</Filter>
    </ClCompile>
    <ClCompile Include="Include\ChartCtrl\ChartGradient.cpp">
      <Filter>源文件</Filter>
    </ClCompile>
    <ClCompile Include="Include\ChartCtrl\ChartGrid.cpp">
      <Filter>源文件</Filter>
    </ClCompile>
    <ClCompile Include="Include\ChartCtrl\ChartLegend.cpp">
      <Filter>源文件</Filter>
    </ClCompile>
    <ClCompile Include="Include\ChartCtrl\ChartLogarithmicAxis.cpp">
      <Filter>源文件</Filter>
    </ClCompile>
    <ClCompile Include="Include\ChartCtrl\ChartScrollBar.cpp">
      <Filter>源文件</Filter>
    </ClCompile>
    <ClCompile Include="Include\ChartCtrl\ChartSerie.cpp">
      <Filter>源文件</Filter>
    </ClCompile>
    <ClCompile Include="Include\ChartCtrl\ChartStandardAxis.cpp">
      <Filter>源文件</Filter>
    </ClCompile>
    <ClCompile Include="Include\ChartCtrl\ChartSurfaceSerie.cpp">
      <Filter>源文件</Filter>
    </ClCompile>
    <ClCompile Include="Include\ChartCtrl\ChartTitle.cpp">
      <Filter>源文件</Filter>
    </ClCompile>
    <ClCompile Include="Include\ChartCtrl\ChartXYSerie.cpp">
      <Filter>源文件</Filter>
    </ClCompile>
    <ClCompile Include="Include\ColourPicker\ColourPopup.cpp">
      <Filter>源文件</Filter>
    </ClCompile>
    <ClCompile Include="DlgDailyButton.cpp">
      <Filter>源文件</Filter>
    </ClCompile>
  </ItemGroup>
  <ItemGroup>
    <ResourceCompile Include="Seekers.rc">
      <Filter>资源文件</Filter>
    </ResourceCompile>
  </ItemGroup>
</Project>